
Microsoft Visual Studio Solution File, Format Version 12.00
# Visual Studio Version 16
VisualStudioVersion = 16.0.29519.181
MinimumVisualStudioVersion = 10.0.40219.1
Project("{FAE04EC0-301F-11D3-BF4B-00C04F79EFBC}") = "ComicBookGallery", "ComicBookGallery.csproj", "{5A033394-B119-45B3-9CA7-87485BE807FF}"
EndProject
Global
	GlobalSection(SolutionConfigurationPlatforms) = preSolution
		Debug|Any CPU = Debug|Any CPU
		Release|Any CPU = Release|Any CPU
	EndGlobalSection
	GlobalSection(ProjectConfigurationPlatforms) = postSolution
		{5A033394-B119-45B3-9CA7-87485BE807FF}.Debug|Any CPU.ActiveCfg = Debug|Any CPU
		{5A033394-B119-45B3-9CA7-87485BE807FF}.Debug|Any CPU.Build.0 = Debug|Any CPU
		{5A033394-B119-45B3-9CA7-87485BE807FF}.Release|Any CPU.ActiveCfg = Release|Any CPU
		{5A033394-B119-45B3-9CA7-87485BE807FF}.Release|Any CPU.Build.0 = Release|Any CPU
	EndGlobalSection
	GlobalSection(SolutionProperties) = preSolution
		HideSolutionNode = FALSE
	EndGlobalSection
	GlobalSection(ExtensibilityGlobals) = postSolution
		SolutionGuid = {2244861A-CA90-4A04-B6FB-693C3FB20DF4}
	EndGlobalSection
EndGlobal
